
Microsoft Visual Studio Solution File, Format Version 12.00
# Visual Studio 15
VisualStudioVersion = 15.0.28307.757
MinimumVisualStudioVersion = 10.0.40219.1
Project("{FAE04EC0-301F-11D3-BF4B-00C04F79EFBC}") = "SIS", "SIS\SIS.csproj", "{34DA7550-371D-42E2-8C1C-E2CC890B18A9}"
EndProject
Global
	GlobalSection(SolutionConfigurationPlatforms) = preSolution
		Debug|Any CPU = Debug|Any CPU
		Release|Any CPU = Release|Any CPU
	EndGlobalSection
	GlobalSection(ProjectConfigurationPlatforms) = postSolution
		{34DA7550-371D-42E2-8C1C-E2CC890B18A9}.Debug|Any CPU.ActiveCfg = Debug|Any CPU
		{34DA7550-371D-42E2-8C1C-E2CC890B18A9}.Debug|Any CPU.Build.0 = Debug|Any CPU
		{34DA7550-371D-42E2-8C1C-E2CC890B18A9}.Release|Any CPU.ActiveCfg = Release|Any CPU
		{34DA7550-371D-42E2-8C1C-E2CC890B18A9}.Release|Any CPU.Build.0 = Release|Any CPU
	EndGlobalSection
	GlobalSection(SolutionProperties) = preSolution
		HideSolutionNode = FALSE
	EndGlobalSection
	GlobalSection(ExtensibilityGlobals) = postSolution
		SolutionGuid = {821A8808-973E-466C-B0E6-1C7388EE8F0D}
	EndGlobalSection
EndGlobal
